
Microsoft Visual Studio Solution File, Format Version 12.00
# Visual Studio Version 16
VisualStudioVersion = 16.0.30204.135
MinimumVisualStudioVersion = 10.0.40219.1
Project("{FAE04EC0-301F-11D3-BF4B-00C04F79EFBC}") = "Start Page", "Start Page\Start Page.csproj", "{0A8EE843-6D2F-484C-96F5-3D1A8C6CF47E}"
EndProject
Global
	GlobalSection(SolutionConfigurationPlatforms) = preSolution
		Debug|Any CPU = Debug|Any CPU
		Release|Any CPU = Release|Any CPU
	EndGlobalSection
	GlobalSection(ProjectConfigurationPlatforms) = postSolution
		{0A8EE843-6D2F-484C-96F5-3D1A8C6CF47E}.Debug|Any CPU.ActiveCfg = Debug|Any CPU
		{0A8EE843-6D2F-484C-96F5-3D1A8C6CF47E}.Debug|Any CPU.Build.0 = Debug|Any CPU
		{0A8EE843-6D2F-484C-96F5-3D1A8C6CF47E}.Release|Any CPU.ActiveCfg = Release|Any CPU
		{0A8EE843-6D2F-484C-96F5-3D1A8C6CF47E}.Release|Any CPU.Build.0 = Release|Any CPU
	EndGlobalSection
	GlobalSection(SolutionProperties) = preSolution
		HideSolutionNode = FALSE
	EndGlobalSection
	GlobalSection(ExtensibilityGlobals) = postSolution
		SolutionGuid = {9661E3E3-2A02-450A-9FAA-14D38651BC0D}
	EndGlobalSection
EndGlobal
